
Microsoft Visual Studio Solution File, Format Version 12.00
Project("{FAE04EC0-301F-11D3-BF4B-00C04F79EFBC}") = "Pruebas", "Pruebas\Pruebas.csproj", "{C2308764-AEEC-469E-B1BA-649FD622B050}"
EndProject
Project("{FAE04EC0-301F-11D3-BF4B-00C04F79EFBC}") = "Estructuras", "Estructuras\Estructuras.csproj", "{53ABB735-F60D-49E4-AD60-FE016291A954}"
EndProject
Project("{FAE04EC0-301F-11D3-BF4B-00C04F79EFBC}") = "Bucles", "Bucles\Bucles.csproj", "{237DA11D-6F6D-48DE-8C0F-2E846B54B5EC}"
EndProject
Project("{FAE04EC0-301F-11D3-BF4B-00C04F79EFBC}") = "Bucles 2", "Bucles 2\Bucles 2.csproj", "{3D86899D-91B0-4CE5-A614-ECA80D2B1527}"
EndProject
Project("{FAE04EC0-301F-11D3-BF4B-00C04F79EFBC}") = "CADENAS Y ARRAYS", "CADENAS Y ARRAYS\CADENAS Y ARRAYS.csproj", "{7EFCF026-D593-4C47-83C5-DF0CA53DE511}"
EndProject
Project("{FAE04EC0-301F-11D3-BF4B-00C04F79EFBC}") = "FUNCIONES Y METODOS", "FUNCIONES Y METODOS\FUNCIONES Y METODOS.csproj", "{F1C8D68B-4764-41F2-B078-74200A67A431}"
EndProject
Project("{FAE04EC0-301F-11D3-BF4B-00C04F79EFBC}") = "Clases y objetos", "Clases y objetos\Clases y objetos.csproj", "{0BEDC61E-6340-4308-9955-BFF0CC04E8D6}"
EndProject
Project("{FAE04EC0-301F-11D3-BF4B-00C04F79EFBC}") = "LINQ", "LINQ\LINQ.csproj", "{85C09E37-5ADC-42AA-BF2B-61E56302E3C8}"
EndProject
Project("{FAE04EC0-301F-11D3-BF4B-00C04F79EFBC}") = "Generics", "Generics\Generics.csproj", "{16A244BC-7578-4346-AD1F-BE10481FA4FA}"
EndProject
Project("{FAE04EC0-301F-11D3-BF4B-00C04F79EFBC}") = "Herencia y Poliformismo", "Herencia y Poliformismo\Herencia y Poliformismo.csproj", "{08A0F8CB-A16F-42BF-AE5D-5DD63C917BD9}"
EndProject
Project("{FAE04EC0-301F-11D3-BF4B-00C04F79EFBC}") = "Interfaces", "Interfaces\Interfaces.csproj", "{829436E8-9B1F-44F0-B905-D5BC776B18AF}"
EndProject
Global
	GlobalSection(SolutionConfigurationPlatforms) = preSolution
		Debug|Any CPU = Debug|Any CPU
		Release|Any CPU = Release|Any CPU
	EndGlobalSection
	GlobalSection(ProjectConfigurationPlatforms) = postSolution
		{C2308764-AEEC-469E-B1BA-649FD622B050}.Debug|Any CPU.ActiveCfg = Debug|Any CPU
		{C2308764-AEEC-469E-B1BA-649FD622B050}.Debug|Any CPU.Build.0 = Debug|Any CPU
		{C2308764-AEEC-469E-B1BA-649FD622B050}.Release|Any CPU.ActiveCfg = Release|Any CPU
		{C2308764-AEEC-469E-B1BA-649FD622B050}.Release|Any CPU.Build.0 = Release|Any CPU
		{53ABB735-F60D-49E4-AD60-FE016291A954}.Debug|Any CPU.ActiveCfg = Debug|Any CPU
		{53ABB735-F60D-49E4-AD60-FE016291A954}.Debug|Any CPU.Build.0 = Debug|Any CPU
		{53ABB735-F60D-49E4-AD60-FE016291A954}.Release|Any CPU.ActiveCfg = Release|Any CPU
		{53ABB735-F60D-49E4-AD60-FE016291A954}.Release|Any CPU.Build.0 = Release|Any CPU
		{237DA11D-6F6D-48DE-8C0F-2E846B54B5EC}.Debug|Any CPU.ActiveCfg = Debug|Any CPU
		{237DA11D-6F6D-48DE-8C0F-2E846B54B5EC}.Debug|Any CPU.Build.0 = Debug|Any CPU
		{237DA11D-6F6D-48DE-8C0F-2E846B54B5EC}.Release|Any CPU.ActiveCfg = Release|Any CPU
		{237DA11D-6F6D-48DE-8C0F-2E846B54B5EC}.Release|Any CPU.Build.0 = Release|Any CPU
		{3D86899D-91B0-4CE5-A614-ECA80D2B1527}.Debug|Any CPU.ActiveCfg = Debug|Any CPU
		{3D86899D-91B0-4CE5-A614-ECA80D2B1527}.Debug|Any CPU.Build.0 = Debug|Any CPU
		{3D86899D-91B0-4CE5-A614-ECA80D2B1527}.Release|Any CPU.ActiveCfg = Release|Any CPU
		{3D86899D-91B0-4CE5-A614-ECA80D2B1527}.Release|Any CPU.Build.0 = Release|Any CPU
		{7EFCF026-D593-4C47-83C5-DF0CA53DE511}.Debug|Any CPU.ActiveCfg = Debug|Any CPU
		{7EFCF026-D593-4C47-83C5-DF0CA53DE511}.Debug|Any CPU.Build.0 = Debug|Any CPU
		{7EFCF026-D593-4C47-83C5-DF0CA53DE511}.Release|Any CPU.ActiveCfg = Release|Any CPU
		{7EFCF026-D593-4C47-83C5-DF0CA53DE511}.Release|Any CPU.Build.0 = Release|Any CPU
		{F1C8D68B-4764-41F2-B078-74200A67A431}.Debug|Any CPU.ActiveCfg = Debug|Any CPU
		{F1C8D68B-4764-41F2-B078-74200A67A431}.Debug|Any CPU.Build.0 = Debug|Any CPU
		{F1C8D68B-4764-41F2-B078-74200A67A431}.Release|Any CPU.ActiveCfg = Release|Any CPU
		{F1C8D68B-4764-41F2-B078-74200A67A431}.Release|Any CPU.Build.0 = Release|Any CPU
		{0BEDC61E-6340-4308-9955-BFF0CC04E8D6}.Debug|Any CPU.ActiveCfg = Debug|Any CPU
		{0BEDC61E-6340-4308-9955-BFF0CC04E8D6}.Debug|Any CPU.Build.0 = Debug|Any CPU
		{0BEDC61E-6340-4308-9955-BFF0CC04E8D6}.Release|Any CPU.ActiveCfg = Release|Any CPU
		{0BEDC61E-6340-4308-9955-BFF0CC04E8D6}.Release|Any CPU.Build.0 = Release|Any CPU
		{85C09E37-5ADC-42AA-BF2B-61E56302E3C8}.Debug|Any CPU.ActiveCfg = Debug|Any CPU
		{85C09E37-5ADC-42AA-BF2B-61E56302E3C8}.Debug|Any CPU.Build.0 = Debug|Any CPU
		{85C09E37-5ADC-42AA-BF2B-61E56302E3C8}.Release|Any CPU.ActiveCfg = Release|Any CPU
		{85C09E37-5ADC-42AA-BF2B-61E56302E3C8}.Release|Any CPU.Build.0 = Release|Any CPU
		{16A244BC-7578-4346-AD1F-BE10481FA4FA}.Debug|Any CPU.ActiveCfg = Debug|Any CPU
		{16A244BC-7578-4346-AD1F-BE10481FA4FA}.Debug|Any CPU.Build.0 = Debug|Any CPU
		{16A244BC-7578-4346-AD1F-BE10481FA4FA}.Release|Any CPU.ActiveCfg = Release|Any CPU
		{16A244BC-7578-4346-AD1F-BE10481FA4FA}.Release|Any CPU.Build.0 = Release|Any CPU
		{08A0F8CB-A16F-42BF-AE5D-5DD63C917BD9}.Debug|Any CPU.ActiveCfg = Debug|Any CPU
		{08A0F8CB-A16F-42BF-AE5D-5DD63C917BD9}.Debug|Any CPU.Build.0 = Debug|Any CPU
		{08A0F8CB-A16F-42BF-AE5D-5DD63C917BD9}.Release|Any CPU.ActiveCfg = Release|Any CPU
		{08A0F8CB-A16F-42BF-AE5D-5DD63C917BD9}.Release|Any CPU.Build.0 = Release|Any CPU
		{829436E8-9B1F-44F0-B905-D5BC776B18AF}.Debug|Any CPU.ActiveCfg = Debug|Any CPU
		{829436E8-9B1F-44F0-B905-D5BC776B18AF}.Debug|Any CPU.Build.0 = Debug|Any CPU
		{829436E8-9B1F-44F0-B905-D5BC776B18AF}.Release|Any CPU.ActiveCfg = Release|Any CPU
		{829436E8-9B1F-44F0-B905-D5BC776B18AF}.Release|Any CPU.Build.0 = Release|Any CPU
	EndGlobalSection
EndGlobal
