
Microsoft Visual Studio Solution File, Format Version 12.00
Project("{FAE04EC0-301F-11D3-BF4B-00C04F79EFBC}") = "Pruebas", "Pruebas\Pruebas.csproj", "{C2308764-AEEC-469E-B1BA-649FD622B050}"
EndProject
Project("{FAE04EC0-301F-11D3-BF4B-00C04F79EFBC}") = "Estructuras", "Estructuras\Estructuras.csproj", "{53ABB735-F60D-49E4-AD60-FE016291A954}"
EndProject
Project("{FAE04EC0-301F-11D3-BF4B-00C04F79EFBC}") = "Bucles", "Bucles\Bucles.csproj", "{237DA11D-6F6D-48DE-8C0F-2E846B54B5EC}"
EndProject
Project("{FAE04EC0-301F-11D3-BF4B-00C04F79EFBC}") = "Bucles 2", "Bucles 2\Bucles 2.csproj", "{3D86899D-91B0-4CE5-A614-ECA80D2B1527}"
EndProject
Global
	GlobalSection(SolutionConfigurationPlatforms) = preSolution
		Debug|Any CPU = Debug|Any CPU
		Release|Any CPU = Release|Any CPU
	EndGlobalSection
	GlobalSection(ProjectConfigurationPlatforms) = postSolution
		{C2308764-AEEC-469E-B1BA-649FD622B050}.Debug|Any CPU.ActiveCfg = Debug|Any CPU
		{C2308764-AEEC-469E-B1BA-649FD622B050}.Debug|Any CPU.Build.0 = Debug|Any CPU
		{C2308764-AEEC-469E-B1BA-649FD622B050}.Release|Any CPU.ActiveCfg = Release|Any CPU
		{C2308764-AEEC-469E-B1BA-649FD622B050}.Release|Any CPU.Build.0 = Release|Any CPU
		{53ABB735-F60D-49E4-AD60-FE016291A954}.Debug|Any CPU.ActiveCfg = Debug|Any CPU
		{53ABB735-F60D-49E4-AD60-FE016291A954}.Debug|Any CPU.Build.0 = Debug|Any CPU
		{53ABB735-F60D-49E4-AD60-FE016291A954}.Release|Any CPU.ActiveCfg = Release|Any CPU
		{53ABB735-F60D-49E4-AD60-FE016291A954}.Release|Any CPU.Build.0 = Release|Any CPU
		{237DA11D-6F6D-48DE-8C0F-2E846B54B5EC}.Debug|Any CPU.ActiveCfg = Debug|Any CPU
		{237DA11D-6F6D-48DE-8C0F-2E846B54B5EC}.Debug|Any CPU.Build.0 = Debug|Any CPU
		{237DA11D-6F6D-48DE-8C0F-2E846B54B5EC}.Release|Any CPU.ActiveCfg = Release|Any CPU
		{237DA11D-6F6D-48DE-8C0F-2E846B54B5EC}.Release|Any CPU.Build.0 = Release|Any CPU
		{3D86899D-91B0-4CE5-A614-ECA80D2B1527}.Debug|Any CPU.ActiveCfg = Debug|Any CPU
		{3D86899D-91B0-4CE5-A614-ECA80D2B1527}.Debug|Any CPU.Build.0 = Debug|Any CPU
		{3D86899D-91B0-4CE5-A614-ECA80D2B1527}.Release|Any CPU.ActiveCfg = Release|Any CPU
		{3D86899D-91B0-4CE5-A614-ECA80D2B1527}.Release|Any CPU.Build.0 = Release|Any CPU
	EndGlobalSection
EndGlobal
